
Microsoft Visual Studio Solution File, Format Version 12.00
# Visual Studio Version 17
VisualStudioVersion = 17.10.35027.167
MinimumVisualStudioVersion = 10.0.40219.1
Project("{FAE04EC0-301F-11D3-BF4B-00C04F79EFBC}") = "CrocamedelianAnomaly", "CrocamedelianAnomaly\CrocamedelianAnomaly.csproj", "{A14BA761-CA79-4464-8C2D-C6A5BD0BE49A}"
EndProject
Global
	GlobalSection(SolutionConfigurationPlatforms) = preSolution
		Debug|Any CPU = Debug|Any CPU
		Release|Any CPU = Release|Any CPU
	EndGlobalSection
	GlobalSection(ProjectConfigurationPlatforms) = postSolution
		{A14BA761-CA79-4464-8C2D-C6A5BD0BE49A}.Debug|Any CPU.ActiveCfg = Debug|Any CPU
		{A14BA761-CA79-4464-8C2D-C6A5BD0BE49A}.Debug|Any CPU.Build.0 = Debug|Any CPU
		{A14BA761-CA79-4464-8C2D-C6A5BD0BE49A}.Release|Any CPU.ActiveCfg = Release|Any CPU
		{A14BA761-CA79-4464-8C2D-C6A5BD0BE49A}.Release|Any CPU.Build.0 = Release|Any CPU
	EndGlobalSection
	GlobalSection(SolutionProperties) = preSolution
		HideSolutionNode = FALSE
	EndGlobalSection
	GlobalSection(ExtensibilityGlobals) = postSolution
		SolutionGuid = {FACA81E6-C3C9-45FA-9C36-18B88941AFD1}
	EndGlobalSection
EndGlobal
